
Microsoft Visual Studio Solution File, Format Version 12.00
# Visual Studio Version 17
VisualStudioVersion = 17.4.33110.190
MinimumVisualStudioVersion = 10.0.40219.1
Project("{9A19103F-16F7-4668-BE54-9A1E7A4F7556}") = "Memento", "Memento\Memento.csproj", "{DD7C5097-EED5-49AA-AB71-65B3AEFABCE8}"
EndProject
Project("{9A19103F-16F7-4668-BE54-9A1E7A4F7556}") = "State", "State\State.csproj", "{3BF515F4-BF3A-4DB5-9406-579C2DC8C1D2}"
EndProject
Project("{FAE04EC0-301F-11D3-BF4B-00C04F79EFBC}") = "Iterator", "Iterator\Iterator.csproj", "{DA713DFF-64D6-4F0F-8D98-7D6455EB3CAE}"
EndProject
Global
	GlobalSection(SolutionConfigurationPlatforms) = preSolution
		Debug|Any CPU = Debug|Any CPU
		Release|Any CPU = Release|Any CPU
	EndGlobalSection
	GlobalSection(ProjectConfigurationPlatforms) = postSolution
		{DD7C5097-EED5-49AA-AB71-65B3AEFABCE8}.Debug|Any CPU.ActiveCfg = Debug|Any CPU
		{DD7C5097-EED5-49AA-AB71-65B3AEFABCE8}.Debug|Any CPU.Build.0 = Debug|Any CPU
		{DD7C5097-EED5-49AA-AB71-65B3AEFABCE8}.Release|Any CPU.ActiveCfg = Release|Any CPU
		{DD7C5097-EED5-49AA-AB71-65B3AEFABCE8}.Release|Any CPU.Build.0 = Release|Any CPU
		{3BF515F4-BF3A-4DB5-9406-579C2DC8C1D2}.Debug|Any CPU.ActiveCfg = Debug|Any CPU
		{3BF515F4-BF3A-4DB5-9406-579C2DC8C1D2}.Debug|Any CPU.Build.0 = Debug|Any CPU
		{3BF515F4-BF3A-4DB5-9406-579C2DC8C1D2}.Release|Any CPU.ActiveCfg = Release|Any CPU
		{3BF515F4-BF3A-4DB5-9406-579C2DC8C1D2}.Release|Any CPU.Build.0 = Release|Any CPU
		{DA713DFF-64D6-4F0F-8D98-7D6455EB3CAE}.Debug|Any CPU.ActiveCfg = Debug|Any CPU
		{DA713DFF-64D6-4F0F-8D98-7D6455EB3CAE}.Debug|Any CPU.Build.0 = Debug|Any CPU
		{DA713DFF-64D6-4F0F-8D98-7D6455EB3CAE}.Release|Any CPU.ActiveCfg = Release|Any CPU
		{DA713DFF-64D6-4F0F-8D98-7D6455EB3CAE}.Release|Any CPU.Build.0 = Release|Any CPU
	EndGlobalSection
	GlobalSection(SolutionProperties) = preSolution
		HideSolutionNode = FALSE
	EndGlobalSection
	GlobalSection(ExtensibilityGlobals) = postSolution
		SolutionGuid = {EE8E6FF3-BA48-4293-AE0B-C0C16EC9F2DD}
	EndGlobalSection
EndGlobal
